<?xml version="1.0" encoding="UTF-8"?>
<Scheme
   LastUpgradeVersion = "1130"
   version = "1.3">
   <BuildAction
      parallelizeBuildables = "YES"
      buildImplicitDependencies = "YES">
      <BuildActionEntries>
         <BuildActionEntry
            buildForTesting = "YES"
            buildForRunning = "YES"
            buildForProfiling = "YES"
            buildForArchiving = "YES"
            buildForAnalyzing = "YES">
            <BuildableReference
               BuildableIdentifier = "primary"
               BlueprintIdentifier = "C5AE858123BB232800A10C88"
               BuildableName = "AutoTestDemo.app"
               BlueprintName = "AutoTestDemo"
               ReferencedContainer = "container:AutoTestDemo.xcodeproj">
            </BuildableReference>
         </BuildActionEntry>
      </BuildActionEntries>
   </BuildAction>
   <TestAction
      buildConfiguration = "Debug"
      selectedDebuggerIdentifier = "Xcode.DebuggerFoundation.Debugger.LLDB"
      selectedLauncherIdentifier = "Xcode.DebuggerFoundation.Launcher.LLDB"
      shouldUseLaunchSchemeArgsEnv = "YES"
      codeCoverageEnabled = "YES">
      <Testables>
         <TestableReference
            skipped = "NO">
            <BuildableReference
               BuildableIdentifier = "primary"
               BlueprintIdentifier = "C5AE859C23BB232900A10C88"
               BuildableName = "AutoTestDemoTests.xctest"
               BlueprintName = "AutoTestDemoTests"
               ReferencedContainer = "container:AutoTestDemo.xcodeproj">
            </BuildableReference>
         </TestableReference>
         <TestableReference
            skipped = "NO">
            <BuildableReference
               BuildableIdentifier = "primary"
               BlueprintIdentifier = "C5AE85A723BB232900A10C88"
               BuildableName = "AutoTestDemoUITests.xctest"
               BlueprintName = "AutoTestDemoUITests"
               ReferencedContainer = "container:AutoTestDemo.xcodeproj">
            </BuildableReference>
         </TestableReference>
         <TestableReference
            skipped = "NO">
            <BuildableReference
               BuildableIdentifier = "primary"
               BlueprintIdentifier = "C539D7EF23BE12E30070E9EC"
               BuildableName = "AutoTestDemoTests1.xctest"
               BlueprintName = "AutoTestDemoTests1"
               ReferencedContainer = "container:AutoTestDemo.xcodeproj">
            </BuildableReference>
         </TestableReference>
         <TestableReference
            skipped = "NO">
            <BuildableReference
               BuildableIdentifier = "primary"
               BlueprintIdentifier = "C5FBCE7623BF28020097A714"
               BuildableName = "AutoTestAsynDemoTests.xctest"
               BlueprintName = "AutoTestAsynDemoTests"
               ReferencedContainer = "container:AutoTestDemo.xcodeproj">
            </BuildableReference>
         </TestableReference>
         <TestableReference
            skipped = "NO">
            <BuildableReference
               BuildableIdentifier = "primary"
               BlueprintIdentifier = "C5C30FA023C32C1100CD3726"
               BuildableName = "AutoTestAsynDemo2Tests.xctest"
               BlueprintName = "AutoTestAsynDemo2Tests"
               ReferencedContainer = "container:AutoTestDemo.xcodeproj">
            </BuildableReference>
         </TestableReference>
         <TestableReference
            skipped = "NO">
            <BuildableReference
               BuildableIdentifier = "primary"
               BlueprintIdentifier = "C592F02E23C71DA000FF516B"
               BuildableName = "IOSForX2NewUITests.xctest"
               BlueprintName = "IOSForX2NewUITests"
               ReferencedContainer = "container:AutoTestDemo.xcodeproj">
            </BuildableReference>
         </TestableReference>
      </Testables>
   </TestAction>
   <LaunchAction
      buildConfiguration = "Debug"
      selectedDebuggerIdentifier = "Xcode.DebuggerFoundation.Debugger.LLDB"
      selectedLauncherIdentifier = "Xcode.DebuggerFoundation.Launcher.LLDB"
      launchStyle = "0"
      useCustomWorkingDirectory = "NO"
      ignoresPersistentStateOnLaunch = "NO"
      debugDocumentVersioning = "YES"
      debugServiceExtension = "internal"
      allowLocationSimulation = "YES">
      <BuildableProductRunnable
         runnableDebuggingMode = "0">
         <BuildableReference
            BuildableIdentifier = "primary"
            BlueprintIdentifier = "C5AE858123BB232800A10C88"
            BuildableName = "AutoTestDemo.app"
            BlueprintName = "AutoTestDemo"
            ReferencedContainer = "container:AutoTestDemo.xcodeproj">
         </BuildableReference>
      </BuildableProductRunnable>
   </LaunchAction>
   <ProfileAction
      buildConfiguration = "Release"
      shouldUseLaunchSchemeArgsEnv = "YES"
      savedToolIdentifier = ""
      useCustomWorkingDirectory = "NO"
      debugDocumentVersioning = "YES">
      <BuildableProductRunnable
         runnableDebuggingMode = "0">
         <BuildableReference
            BuildableIdentifier = "primary"
            BlueprintIdentifier = "C5AE858123BB232800A10C88"
            BuildableName = "AutoTestDemo.app"
            BlueprintName = "AutoTestDemo"
            ReferencedContainer = "container:AutoTestDemo.xcodeproj">
         </BuildableReference>
      </BuildableProductRunnable>
   </ProfileAction>
   <AnalyzeAction
      buildConfiguration = "Debug">
   </AnalyzeAction>
   <ArchiveAction
      buildConfiguration = "Release"
      revealArchiveInOrganizer = "YES">
   </ArchiveAction>
</Scheme>
